# @generated by Move, please check-in and do not edit manually.

[move]
version = 3
manifest_digest = "63E2E34CD0A327A209AF17094F312CBF9B56DAB57354BC88A19864B5921D5880"
deps_digest = "F8BBB0CCB2491CA29A3DF03D6F92277A4F3574266507ACD77214D37ECA3F3082"
dependencies = [
  { id = "Sui", name = "Sui" },
]

[[move.package]]
id = "MoveStdlib"
source = { git = "https://github.com/MystenLabs/sui.git", rev = "framework/devnet", subdir = "crates/sui-framework/packages/move-stdlib" }

[[move.package]]
id = "Sui"
source = { git = "https://github.com/MystenLabs/sui.git", rev = "framework/devnet", subdir = "crates/sui-framework/packages/sui-framework" }

dependencies = [
  { id = "MoveStdlib", name = "MoveStdlib" },
]

[move.toolchain-version]
compiler-version = "1.62.0"
edition = "2024"
flavor = "sui"

[env]

[env.devnet]
chain-id = "fd002ee3"
original-published-id = "0xfd8f81488f21da9346b634f1a0a568ddd291745b9e1bd372c9d9b37d34c703de"
latest-published-id = "0xfd8f81488f21da9346b634f1a0a568ddd291745b9e1bd372c9d9b37d34c703de"
published-version = "1"
